
Microsoft Visual Studio Solution File, Format Version 12.00
# Visual Studio 15
VisualStudioVersion = 15.0.27428.2027
MinimumVisualStudioVersion = 10.0.40219.1
Project("{FAE04EC0-301F-11D3-BF4B-00C04F79EFBC}") = "MessengerClient", "MessengerClient\MessengerClient.csproj", "{DEC06967-2425-4543-B89D-19AA5D9042D5}"
EndProject
Project("{FAE04EC0-301F-11D3-BF4B-00C04F79EFBC}") = "MessengerServiceHost", "MessengerServiceHost\MessengerServiceHost.csproj", "{0E453FB6-B9A6-4351-B063-CED171F0CD0F}"
EndProject
Global
	GlobalSection(SolutionConfigurationPlatforms) = preSolution
		Debug|Any CPU = Debug|Any CPU
		Release|Any CPU = Release|Any CPU
	EndGlobalSection
	GlobalSection(ProjectConfigurationPlatforms) = postSolution
		{DEC06967-2425-4543-B89D-19AA5D9042D5}.Debug|Any CPU.ActiveCfg = Debug|Any CPU
		{DEC06967-2425-4543-B89D-19AA5D9042D5}.Debug|Any CPU.Build.0 = Debug|Any CPU
		{DEC06967-2425-4543-B89D-19AA5D9042D5}.Release|Any CPU.ActiveCfg = Release|Any CPU
		{DEC06967-2425-4543-B89D-19AA5D9042D5}.Release|Any CPU.Build.0 = Release|Any CPU
		{0E453FB6-B9A6-4351-B063-CED171F0CD0F}.Debug|Any CPU.ActiveCfg = Debug|Any CPU
		{0E453FB6-B9A6-4351-B063-CED171F0CD0F}.Debug|Any CPU.Build.0 = Debug|Any CPU
		{0E453FB6-B9A6-4351-B063-CED171F0CD0F}.Release|Any CPU.ActiveCfg = Release|Any CPU
		{0E453FB6-B9A6-4351-B063-CED171F0CD0F}.Release|Any CPU.Build.0 = Release|Any CPU
	EndGlobalSection
	GlobalSection(SolutionProperties) = preSolution
		HideSolutionNode = FALSE
	EndGlobalSection
	GlobalSection(ExtensibilityGlobals) = postSolution
		SolutionGuid = {DB4EBB08-2553-4140-B27B-0C5690E403E0}
	EndGlobalSection
EndGlobal
